// !$*UTF8*$!
{
	archiveVersion = 1;
	classes = {
	};
	objectVersion = 48;
	objects = {

/* Begin PBXBuildFile section */
		200941EFD3CBD19DB620E35A /* Pods_Hackaton.framework in Frameworks */ = {isa = PBXBuildFile; fileRef = BA63A2608D4019999D812D1B /* Pods_Hackaton.framework */; };
		231816501FB585F500E69EB3 /* AppDelegate.swift in Sources */ = {isa = PBXBuildFile; fileRef = 2318164F1FB585F500E69EB3 /* AppDelegate.swift */; };
		231816521FB585F500E69EB3 /* ViewController.swift in Sources */ = {isa = PBXBuildFile; fileRef = 231816511FB585F500E69EB3 /* ViewController.swift */; };
		231816551FB585F500E69EB3 /* Main.storyboard in Resources */ = {isa = PBXBuildFile; fileRef = 231816531FB585F500E69EB3 /* Main.storyboard */; };
		231816571FB585F500E69EB3 /* Assets.xcassets in Resources */ = {isa = PBXBuildFile; fileRef = 231816561FB585F500E69EB3 /* Assets.xcassets */; };
		2318165A1FB585F500E69EB3 /* LaunchScreen.storyboard in Resources */ = {isa = PBXBuildFile; fileRef = 231816581FB585F500E69EB3 /* LaunchScreen.storyboard */; };
		231816631FB595E000E69EB3 /* SplashViewController.swift in Sources */ = {isa = PBXBuildFile; fileRef = 231816621FB595E000E69EB3 /* SplashViewController.swift */; };
		231816661FB599F100E69EB3 /* MainViewController.swift in Sources */ = {isa = PBXBuildFile; fileRef = 231816651FB599F100E69EB3 /* MainViewController.swift */; };
		231816691FB59A0C00E69EB3 /* SettingsViewController.swift in Sources */ = {isa = PBXBuildFile; fileRef = 231816681FB59A0C00E69EB3 /* SettingsViewController.swift */; };
		2318166B1FB59A1700E69EB3 /* Settings.storyboard in Resources */ = {isa = PBXBuildFile; fileRef = 2318166A1FB59A1700E69EB3 /* Settings.storyboard */; };
		2318166D1FB59A2A00E69EB3 /* Splash.storyboard in Resources */ = {isa = PBXBuildFile; fileRef = 2318166C1FB59A2A00E69EB3 /* Splash.storyboard */; };
		2318166F1FB59AF200E69EB3 /* GoogleService-Info.plist in Resources */ = {isa = PBXBuildFile; fileRef = 2318166E1FB59AF200E69EB3 /* GoogleService-Info.plist */; };
/* End PBXBuildFile section */

/* Begin PBXFileReference section */
		2318164C1FB585F500E69EB3 /* Hackaton.app */ = {isa = PBXFileReference; explicitFileType = wrapper.application; includeInIndex = 0; path = Hackaton.app; sourceTree = BUILT_PRODUCTS_DIR; };
		2318164F1FB585F500E69EB3 /* AppDelegate.swift */ = {isa = PBXFileReference; lastKnownFileType = sourcecode.swift; path = AppDelegate.swift; sourceTree = "<group>"; };
		231816511FB585F500E69EB3 /* ViewController.swift */ = {isa = PBXFileReference; lastKnownFileType = sourcecode.swift; path = ViewController.swift; sourceTree = "<group>"; };
		231816541FB585F500E69EB3 /* Base */ = {isa = PBXFileReference; lastKnownFileType = file.storyboard; name = Base; path = Base.lproj/Main.storyboard; sourceTree = "<group>"; };
		231816561FB585F500E69EB3 /* Assets.xcassets */ = {isa = PBXFileReference; lastKnownFileType = folder.assetcatalog; path = Assets.xcassets; sourceTree = "<group>"; };
		231816591FB585F500E69EB3 /* Base */ = {isa = PBXFileReference; lastKnownFileType = file.storyboard; name = Base; path = Base.lproj/LaunchScreen.storyboard; sourceTree = "<group>"; };
		2318165B1FB585F500E69EB3 /* Info.plist */ = {isa = PBXFileReference; lastKnownFileType = text.plist.xml; path = Info.plist; sourceTree = "<group>"; };
		231816621FB595E000E69EB3 /* SplashViewController.swift */ = {isa = PBXFileReference; lastKnownFileType = sourcecode.swift; path = SplashViewController.swift; sourceTree = "<group>"; };
		231816651FB599F100E69EB3 /* MainViewController.swift */ = {isa = PBXFileReference; lastKnownFileType = sourcecode.swift; path = MainViewController.swift; sourceTree = "<group>"; };
		231816681FB59A0C00E69EB3 /* SettingsViewController.swift */ = {isa = PBXFileReference; lastKnownFileType = sourcecode.swift; path = SettingsViewController.swift; sourceTree = "<group>"; };
		2318166A1FB59A1700E69EB3 /* Settings.storyboard */ = {isa = PBXFileReference; lastKnownFileType = file.storyboard; path = Settings.storyboard; sourceTree = "<group>"; };
		2318166C1FB59A2A00E69EB3 /* Splash.storyboard */ = {isa = PBXFileReference; lastKnownFileType = file.storyboard; path = Splash.storyboard; sourceTree = "<group>"; };
		2318166E1FB59AF200E69EB3 /* GoogleService-Info.plist */ = {isa = PBXFileReference; fileEncoding = 4; lastKnownFileType = text.plist.xml; path = "GoogleService-Info.plist"; sourceTree = "<group>"; };
		3F942D2CA8DE741B29DE62EB /* Pods-Hackaton.release.xcconfig */ = {isa = PBXFileReference; includeInIndex = 1; lastKnownFileType = text.xcconfig; name = "Pods-Hackaton.release.xcconfig"; path = "Pods/Target Support Files/Pods-Hackaton/Pods-Hackaton.release.xcconfig"; sourceTree = "<group>"; };
		5180F5CB1414F88BC4DAF0E6 /* Pods-Hackaton.debug.xcconfig */ = {isa = PBXFileReference; includeInIndex = 1; lastKnownFileType = text.xcconfig; name = "Pods-Hackaton.debug.xcconfig"; path = "Pods/Target Support Files/Pods-Hackaton/Pods-Hackaton.debug.xcconfig"; sourceTree = "<group>"; };
		BA63A2608D4019999D812D1B /* Pods_Hackaton.framework */ = {isa = PBXFileReference; explicitFileType = wrapper.framework; includeInIndex = 0; path = Pods_Hackaton.framework; sourceTree = BUILT_PRODUCTS_DIR; };
/* End PBXFileReference section */

/* Begin PBXFrameworksBuildPhase section */
		231816491FB585F500E69EB3 /* Frameworks */ = {
			isa = PBXFrameworksBuildPhase;
			buildActionMask = 2147483647;
			files = (
				200941EFD3CBD19DB620E35A /* Pods_Hackaton.framework in Frameworks */,
			);
			runOnlyForDeploymentPostprocessing = 0;
		};
/* End PBXFrameworksBuildPhase section */

/* Begin PBXGroup section */
		231816431FB585F500E69EB3 = {
			isa = PBXGroup;
			children = (
				2318164E1FB585F500E69EB3 /* Hackaton */,
				2318164D1FB585F500E69EB3 /* Products */,
				D32DDCFEA210299E852C8FB2 /* Pods */,
				5F3D514DBDE68E8D94DB24A8 /* Frameworks */,
			);
			sourceTree = "<group>";
		};
		2318164D1FB585F500E69EB3 /* Products */ = {
			isa = PBXGroup;
			children = (
				2318164C1FB585F500E69EB3 /* Hackaton.app */,
			);
			name = Products;
			sourceTree = "<group>";
		};
		2318164E1FB585F500E69EB3 /* Hackaton */ = {
			isa = PBXGroup;
			children = (
				231816671FB599FF00E69EB3 /* Settings */,
				231816641FB5987300E69EB3 /* Main */,
				231816611FB595A300E69EB3 /* Splash */,
				2318164F1FB585F500E69EB3 /* AppDelegate.swift */,
				231816561FB585F500E69EB3 /* Assets.xcassets */,
				231816581FB585F500E69EB3 /* LaunchScreen.storyboard */,
				2318165B1FB585F500E69EB3 /* Info.plist */,
				2318166E1FB59AF200E69EB3 /* GoogleService-Info.plist */,
			);
			path = Hackaton;
			sourceTree = "<group>";
		};
		231816611FB595A300E69EB3 /* Splash */ = {
			isa = PBXGroup;
			children = (
				231816511FB585F500E69EB3 /* ViewController.swift */,
				231816621FB595E000E69EB3 /* SplashViewController.swift */,
				2318166C1FB59A2A00E69EB3 /* Splash.storyboard */,
			);
			path = Splash;
			sourceTree = "<group>";
		};
		231816641FB5987300E69EB3 /* Main */ = {
			isa = PBXGroup;
			children = (
				231816651FB599F100E69EB3 /* MainViewController.swift */,
				231816531FB585F500E69EB3 /* Main.storyboard */,
			);
			path = Main;
			sourceTree = "<group>";
		};
		231816671FB599FF00E69EB3 /* Settings */ = {
			isa = PBXGroup;
			children = (
				231816681FB59A0C00E69EB3 /* SettingsViewController.swift */,
				2318166A1FB59A1700E69EB3 /* Settings.storyboard */,
			);
			path = Settings;
			sourceTree = "<group>";
		};
		5F3D514DBDE68E8D94DB24A8 /* Frameworks */ = {
			isa = PBXGroup;
			children = (
				BA63A2608D4019999D812D1B /* Pods_Hackaton.framework */,
			);
			name = Frameworks;
			sourceTree = "<group>";
		};
		D32DDCFEA210299E852C8FB2 /* Pods */ = {
			isa = PBXGroup;
			children = (
				5180F5CB1414F88BC4DAF0E6 /* Pods-Hackaton.debug.xcconfig */,
				3F942D2CA8DE741B29DE62EB /* Pods-Hackaton.release.xcconfig */,
			);
			name = Pods;
			sourceTree = "<group>";
		};
/* End PBXGroup section */

/* Begin PBXNativeTarget section */
		2318164B1FB585F500E69EB3 /* Hackaton */ = {
			isa = PBXNativeTarget;
			buildConfigurationList = 2318165E1FB585F500E69EB3 /* Build configuration list for PBXNativeTarget "Hackaton" */;
			buildPhases = (
				D60E45F793DA1F7ABF83B4F0 /* [CP] Check Pods Manifest.lock */,
				231816481FB585F500E69EB3 /* Sources */,
				231816491FB585F500E69EB3 /* Frameworks */,
				2318164A1FB585F500E69EB3 /* Resources */,
				56D2094D44D333C218B96F8E /* [CP] Embed Pods Frameworks */,
				37F505CD17E8B64027C30735 /* [CP] Copy Pods Resources */,
			);
			buildRules = (
			);
			dependencies = (
			);
			name = Hackaton;
			productName = Hackaton;
			productReference = 2318164C1FB585F500E69EB3 /* Hackaton.app */;
			productType = "com.apple.product-type.application";
		};
/* End PBXNativeTarget section */

/* Begin PBXProject section */
		231816441FB585F500E69EB3 /* Project object */ = {
			isa = PBXProject;
			attributes = {
				LastSwiftUpdateCheck = 0910;
				LastUpgradeCheck = 0910;
				ORGANIZATIONNAME = FC;
				TargetAttributes = {
					2318164B1FB585F500E69EB3 = {
						CreatedOnToolsVersion = 9.1;
						ProvisioningStyle = Automatic;
					};
				};
			};
			buildConfigurationList = 231816471FB585F500E69EB3 /* Build configuration list for PBXProject "Hackaton" */;
			compatibilityVersion = "Xcode 8.0";
			developmentRegion = en;
			hasScannedForEncodings = 0;
			knownRegions = (
				en,
				Base,
			);
			mainGroup = 231816431FB585F500E69EB3;
			productRefGroup = 2318164D1FB585F500E69EB3 /* Products */;
			projectDirPath = "";
			projectRoot = "";
			targets = (
				2318164B1FB585F500E69EB3 /* Hackaton */,
			);
		};
/* End PBXProject section */

/* Begin PBXResourcesBuildPhase section */
		2318164A1FB585F500E69EB3 /* Resources */ = {
			isa = PBXResourcesBuildPhase;
			buildActionMask = 2147483647;
			files = (
				2318165A1FB585F500E69EB3 /* LaunchScreen.storyboard in Resources */,
				231816571FB585F500E69EB3 /* Assets.xcassets in Resources */,
				231816551FB585F500E69EB3 /* Main.storyboard in Resources */,
				2318166D1FB59A2A00E69EB3 /* Splash.storyboard in Resources */,
				2318166B1FB59A1700E69EB3 /* Settings.storyboard in Resources */,
				2318166F1FB59AF200E69EB3 /* GoogleService-Info.plist in Resources */,
			);
			runOnlyForDeploymentPostprocessing = 0;
		};
/* End PBXResourcesBuildPhase section */

/* Begin PBXShellScriptBuildPhase section */
		37F505CD17E8B64027C30735 /* [CP] Copy Pods Resources */ = {
			isa = PBXShellScriptBuildPhase;
			buildActionMask = 2147483647;
			files = (
			);
			inputPaths = (
			);
			name = "[CP] Copy Pods Resources";
			outputPaths = (
			);
			runOnlyForDeploymentPostprocessing = 0;
			shellPath = /bin/sh;
			shellScript = "\"${SRCROOT}/Pods/Target Support Files/Pods-Hackaton/Pods-Hackaton-resources.sh\"\n";
			showEnvVarsInLog = 0;
		};
		56D2094D44D333C218B96F8E /* [CP] Embed Pods Frameworks */ = {
			isa = PBXShellScriptBuildPhase;
			buildActionMask = 2147483647;
			files = (
			);
			inputPaths = (
				"${SRCROOT}/Pods/Target Support Files/Pods-Hackaton/Pods-Hackaton-frameworks.sh",
				"${BUILT_PRODUCTS_DIR}/GoogleToolboxForMac/GoogleToolboxForMac.framework",
				"${BUILT_PRODUCTS_DIR}/SwiftTimer/SwiftTimer.framework",
				"${BUILT_PRODUCTS_DIR}/nanopb/nanopb.framework",
			);
			name = "[CP] Embed Pods Frameworks";
			outputPaths = (
				"${TARGET_BUILD_DIR}/${FRAMEWORKS_FOLDER_PATH}/GoogleToolboxForMac.framework",
				"${TARGET_BUILD_DIR}/${FRAMEWORKS_FOLDER_PATH}/SwiftTimer.framework",
				"${TARGET_BUILD_DIR}/${FRAMEWORKS_FOLDER_PATH}/nanopb.framework",
			);
			runOnlyForDeploymentPostprocessing = 0;
			shellPath = /bin/sh;
			shellScript = "\"${SRCROOT}/Pods/Target Support Files/Pods-Hackaton/Pods-Hackaton-frameworks.sh\"\n";
			showEnvVarsInLog = 0;
		};
		D60E45F793DA1F7ABF83B4F0 /* [CP] Check Pods Manifest.lock */ = {
			isa = PBXShellScriptBuildPhase;
			buildActionMask = 2147483647;
			files = (
			);
			inputPaths = (
				"${PODS_PODFILE_DIR_PATH}/Podfile.lock",
				"${PODS_ROOT}/Manifest.lock",
			);
			name = "[CP] Check Pods Manifest.lock";
			outputPaths = (
				"$(DERIVED_FILE_DIR)/Pods-Hackaton-checkManifestLockResult.txt",
			);
			runOnlyForDeploymentPostprocessing = 0;
			shellPath = /bin/sh;
			shellScript = "diff \"${PODS_PODFILE_DIR_PATH}/Podfile.lock\" \"${PODS_ROOT}/Manifest.lock\" > /dev/null\nif [ $? != 0 ] ; then\n    # print error to STDERR\n    echo \"error: The sandbox is not in sync with the Podfile.lock. Run 'pod install' or update your CocoaPods installation.\" >&2\n    exit 1\nfi\n# This output is used by Xcode 'outputs' to avoid re-running this script phase.\necho \"SUCCESS\" > \"${SCRIPT_OUTPUT_FILE_0}\"\n";
			showEnvVarsInLog = 0;
		};
/* End PBXShellScriptBuildPhase section */

/* Begin PBXSourcesBuildPhase section */
		231816481FB585F500E69EB3 /* Sources */ = {
			isa = PBXSourcesBuildPhase;
			buildActionMask = 2147483647;
			files = (
				231816631FB595E000E69EB3 /* SplashViewController.swift in Sources */,
				231816521FB585F500E69EB3 /* ViewController.swift in Sources */,
				231816501FB585F500E69EB3 /* AppDelegate.swift in Sources */,
				231816691FB59A0C00E69EB3 /* SettingsViewController.swift in Sources */,
				231816661FB599F100E69EB3 /* MainViewController.swift in Sources */,
			);
			runOnlyForDeploymentPostprocessing = 0;
		};
/* End PBXSourcesBuildPhase section */

/* Begin PBXVariantGroup section */
		231816531FB585F500E69EB3 /* Main.storyboard */ = {
			isa = PBXVariantGroup;
			children = (
				231816541FB585F500E69EB3 /* Base */,
			);
			name = Main.storyboard;
			sourceTree = "<group>";
		};
		231816581FB585F500E69EB3 /* LaunchScreen.storyboard */ = {
			isa = PBXVariantGroup;
			children = (
				231816591FB585F500E69EB3 /* Base */,
			);
			name = LaunchScreen.storyboard;
			sourceTree = "<group>";
		};
/* End PBXVariantGroup section */

/* Begin XCBuildConfiguration section */
		2318165C1FB585F500E69EB3 /* Debug */ = {
			isa = XCBuildConfiguration;
			buildSettings = {
				ALWAYS_SEARCH_USER_PATHS = NO;
				CLANG_ANALYZER_NONNULL = YES;
				CLANG_ANALYZER_NUMBER_OBJECT_CONVERSION = YES_AGGRESSIVE;
				CLANG_CXX_LANGUAGE_STANDARD = "gnu++14";
				CLANG_CXX_LIBRARY = "libc++";
				CLANG_ENABLE_MODULES = YES;
				CLANG_ENABLE_OBJC_ARC = YES;
				CLANG_WARN_BLOCK_CAPTURE_AUTORELEASING = YES;
				CLANG_WARN_BOOL_CONVERSION = YES;
				CLANG_WARN_COMMA = YES;
				CLANG_WARN_CONSTANT_CONVERSION = YES;
				CLANG_WARN_DIRECT_OBJC_ISA_USAGE = YES_ERROR;
				CLANG_WARN_DOCUMENTATION_COMMENTS = YES;
				CLANG_WARN_EMPTY_BODY = YES;
				CLANG_WARN_ENUM_CONVERSION = YES;
				CLANG_WARN_INFINITE_RECURSION = YES;
				CLANG_WARN_INT_CONVERSION = YES;
				CLANG_WARN_NON_LITERAL_NULL_CONVERSION = YES;
				CLANG_WARN_OBJC_LITERAL_CONVERSION = YES;
				CLANG_WARN_OBJC_ROOT_CLASS = YES_ERROR;
				CLANG_WARN_RANGE_LOOP_ANALYSIS = YES;
				CLANG_WARN_STRICT_PROTOTYPES = YES;
				CLANG_WARN_SUSPICIOUS_MOVE = YES;
				CLANG_WARN_UNGUARDED_AVAILABILITY = YES_AGGRESSIVE;
				CLANG_WARN_UNREACHABLE_CODE = YES;
				CLANG_WARN__DUPLICATE_METHOD_MATCH = YES;
				CODE_SIGN_IDENTITY = "iPhone Developer";
				COPY_PHASE_STRIP = NO;
				DEBUG_INFORMATION_FORMAT = dwarf;
				ENABLE_STRICT_OBJC_MSGSEND = YES;
				ENABLE_TESTABILITY = YES;
				GCC_C_LANGUAGE_STANDARD = gnu11;
				GCC_DYNAMIC_NO_PIC = NO;
				GCC_NO_COMMON_BLOCKS = YES;
				GCC_OPTIMIZATION_LEVEL = 0;
				GCC_PREPROCESSOR_DEFINITIONS = (
					"DEBUG=1",
					"$(inherited)",
				);
				GCC_WARN_64_TO_32_BIT_CONVERSION = YES;
				GCC_WARN_ABOUT_RETURN_TYPE = YES_ERROR;
				GCC_WARN_UNDECLARED_SELECTOR = YES;
				GCC_WARN_UNINITIALIZED_AUTOS = YES_AGGRESSIVE;
				GCC_WARN_UNUSED_FUNCTION = YES;
				GCC_WARN_UNUSED_VARIABLE = YES;
				IPHONEOS_DEPLOYMENT_TARGET = 11.1;
				MTL_ENABLE_DEBUG_INFO = YES;
				ONLY_ACTIVE_ARCH = YES;
				SDKROOT = iphoneos;
				SWIFT_ACTIVE_COMPILATION_CONDITIONS = DEBUG;
				SWIFT_OPTIMIZATION_LEVEL = "-Onone";
			};
			name = Debug;
		};
		2318165D1FB585F500E69EB3 /* Release */ = {
			isa = XCBuildConfiguration;
			buildSettings = {
				ALWAYS_SEARCH_USER_PATHS = NO;
				CLANG_ANALYZER_NONNULL = YES;
				CLANG_ANALYZER_NUMBER_OBJECT_CONVERSION = YES_AGGRESSIVE;
				CLANG_CXX_LANGUAGE_STANDARD = "gnu++14";
				CLANG_CXX_LIBRARY = "libc++";
				CLANG_ENABLE_MODULES = YES;
				CLANG_ENABLE_OBJC_ARC = YES;
				CLANG_WARN_BLOCK_CAPTURE_AUTORELEASING = YES;
				CLANG_WARN_BOOL_CONVERSION = YES;
				CLANG_WARN_COMMA = YES;
				CLANG_WARN_CONSTANT_CONVERSION = YES;
				CLANG_WARN_DIRECT_OBJC_ISA_USAGE = YES_ERROR;
				CLANG_WARN_DOCUMENTATION_COMMENTS = YES;
				CLANG_WARN_EMPTY_BODY = YES;
				CLANG_WARN_ENUM_CONVERSION = YES;
				CLANG_WARN_INFINITE_RECURSION = YES;
				CLANG_WARN_INT_CONVERSION = YES;
				CLANG_WARN_NON_LITERAL_NULL_CONVERSION = YES;
				CLANG_WARN_OBJC_LITERAL_CONVERSION = YES;
				CLANG_WARN_OBJC_ROOT_CLASS = YES_ERROR;
				CLANG_WARN_RANGE_LOOP_ANALYSIS = YES;
				CLANG_WARN_STRICT_PROTOTYPES = YES;
				CLANG_WARN_SUSPICIOUS_MOVE = YES;
				CLANG_WARN_UNGUARDED_AVAILABILITY = YES_AGGRESSIVE;
				CLANG_WARN_UNREACHABLE_CODE = YES;
				CLANG_WARN__DUPLICATE_METHOD_MATCH = YES;
				CODE_SIGN_IDENTITY = "iPhone Developer";
				COPY_PHASE_STRIP = NO;
				DEBUG_INFORMATION_FORMAT = "dwarf-with-dsym";
				ENABLE_NS_ASSERTIONS = NO;
				ENABLE_STRICT_OBJC_MSGSEND = YES;
				GCC_C_LANGUAGE_STANDARD = gnu11;
				GCC_NO_COMMON_BLOCKS = YES;
				GCC_WARN_64_TO_32_BIT_CONVERSION = YES;
				GCC_WARN_ABOUT_RETURN_TYPE = YES_ERROR;
				GCC_WARN_UNDECLARED_SELECTOR = YES;
				GCC_WARN_UNINITIALIZED_AUTOS = YES_AGGRESSIVE;
				GCC_WARN_UNUSED_FUNCTION = YES;
				GCC_WARN_UNUSED_VARIABLE = YES;
				IPHONEOS_DEPLOYMENT_TARGET = 11.1;
				MTL_ENABLE_DEBUG_INFO = NO;
				SDKROOT = iphoneos;
				SWIFT_OPTIMIZATION_LEVEL = "-Owholemodule";
				VALIDATE_PRODUCT = YES;
			};
			name = Release;
		};
		2318165F1FB585F500E69EB3 /* Debug */ = {
			isa = XCBuildConfiguration;
			baseConfigurationReference = 5180F5CB1414F88BC4DAF0E6 /* Pods-Hackaton.debug.xcconfig */;
			buildSettings = {
				ASSETCATALOG_COMPILER_APPICON_NAME = AppIcon;
				CODE_SIGN_STYLE = Automatic;
				INFOPLIST_FILE = Hackaton/Info.plist;
				LD_RUNPATH_SEARCH_PATHS = "$(inherited) @executable_path/Frameworks";
				PRODUCT_BUNDLE_IDENTIFIER = com.FC.Hackaton;
				PRODUCT_NAME = "$(TARGET_NAME)";
				SWIFT_VERSION = 4.0;
				TARGETED_DEVICE_FAMILY = "1,2";
			};
			name = Debug;
		};
		231816601FB585F500E69EB3 /* Release */ = {
			isa = XCBuildConfiguration;
			baseConfigurationReference = 3F942D2CA8DE741B29DE62EB /* Pods-Hackaton.release.xcconfig */;
			buildSettings = {
				ASSETCATALOG_COMPILER_APPICON_NAME = AppIcon;
				CODE_SIGN_STYLE = Automatic;
				INFOPLIST_FILE = Hackaton/Info.plist;
				LD_RUNPATH_SEARCH_PATHS = "$(inherited) @executable_path/Frameworks";
				PRODUCT_BUNDLE_IDENTIFIER = com.FC.Hackaton;
				PRODUCT_NAME = "$(TARGET_NAME)";
				SWIFT_VERSION = 4.0;
				TARGETED_DEVICE_FAMILY = "1,2";
			};
			name = Release;
		};
/* End XCBuildConfiguration section */

/* Begin XCConfigurationList section */
		231816471FB585F500E69EB3 /* Build configuration list for PBXProject "Hackaton" */ = {
			isa = XCConfigurationList;
			buildConfigurations = (
				2318165C1FB585F500E69EB3 /* Debug */,
				2318165D1FB585F500E69EB3 /* Release */,
			);
			defaultConfigurationIsVisible = 0;
			defaultConfigurationName = Release;
		};
		2318165E1FB585F500E69EB3 /* Build configuration list for PBXNativeTarget "Hackaton" */ = {
			isa = XCConfigurationList;
			buildConfigurations = (
				2318165F1FB585F500E69EB3 /* Debug */,
				231816601FB585F500E69EB3 /* Release */,
			);
			defaultConfigurationIsVisible = 0;
			defaultConfigurationName = Release;
		};
/* End XCConfigurationList section */
	};
	rootObject = 231816441FB585F500E69EB3 /* Project object */;
}
